
Microsoft Visual Studio Solution File, Format Version 12.00
# Visual Studio Version 17
VisualStudioVersion = 17.9.34723.18
MinimumVisualStudioVersion = 10.0.40219.1
Project("{FAE04EC0-301F-11D3-BF4B-00C04F79EFBC}") = "CSI 120 Class Assignment", "CSI 120 Class Assignment.csproj", "{737E973E-26BE-42B8-BBAE-F94ACABD7DA8}"
EndProject
Global
	GlobalSection(SolutionConfigurationPlatforms) = preSolution
		Debug|Any CPU = Debug|Any CPU
		Release|Any CPU = Release|Any CPU
	EndGlobalSection
	GlobalSection(ProjectConfigurationPlatforms) = postSolution
		{737E973E-26BE-42B8-BBAE-F94ACABD7DA8}.Debug|Any CPU.ActiveCfg = Debug|Any CPU
		{737E973E-26BE-42B8-BBAE-F94ACABD7DA8}.Debug|Any CPU.Build.0 = Debug|Any CPU
		{737E973E-26BE-42B8-BBAE-F94ACABD7DA8}.Release|Any CPU.ActiveCfg = Release|Any CPU
		{737E973E-26BE-42B8-BBAE-F94ACABD7DA8}.Release|Any CPU.Build.0 = Release|Any CPU
	EndGlobalSection
	GlobalSection(SolutionProperties) = preSolution
		HideSolutionNode = FALSE
	EndGlobalSection
	GlobalSection(ExtensibilityGlobals) = postSolution
		SolutionGuid = {CA1D8CE7-0DD0-4BFB-ABFE-41D90F7798AB}
	EndGlobalSection
EndGlobal
